# This file is automatically @generated by Cargo.
# It is not intended for manual editing.
# SPDX-License-Identifier: GPL-3.0-or-later
# This file is automatically @generated by Cargo.
# It is not intended for manual editing.
version = 4

[[package]]
name = "libredaw-engine"
version = "0.0.0"

[[package]]
name = "libredaw-plugin-host"
version = "0.0.0"

[[package]]
name = "libredaw-protocol"
version = "0.0.0"

[[package]]
name = "libredaw-script"
version = "0.0.0"

[[package]]
name = "libredaw-ui"
version = "0.0.0"
